
Microsoft Visual Studio Solution File, Format Version 12.00
# Visual Studio Version 17
VisualStudioVersion = 17.4.33205.214
MinimumVisualStudioVersion = 10.0.40219.1
Project("{FAE04EC0-301F-11D3-BF4B-00C04F79EFBC}") = "EjerciciosPractico2", "EjerciciosPractico2\EjerciciosPractico2.csproj", "{2880B009-F2EB-47D2-AFFD-A67FA681B48D}"
EndProject
Global
	GlobalSection(SolutionConfigurationPlatforms) = preSolution
		Debug|Any CPU = Debug|Any CPU
		Release|Any CPU = Release|Any CPU
	EndGlobalSection
	GlobalSection(ProjectConfigurationPlatforms) = postSolution
		{2880B009-F2EB-47D2-AFFD-A67FA681B48D}.Debug|Any CPU.ActiveCfg = Debug|Any CPU
		{2880B009-F2EB-47D2-AFFD-A67FA681B48D}.Debug|Any CPU.Build.0 = Debug|Any CPU
		{2880B009-F2EB-47D2-AFFD-A67FA681B48D}.Release|Any CPU.ActiveCfg = Release|Any CPU
		{2880B009-F2EB-47D2-AFFD-A67FA681B48D}.Release|Any CPU.Build.0 = Release|Any CPU
	EndGlobalSection
	GlobalSection(SolutionProperties) = preSolution
		HideSolutionNode = FALSE
	EndGlobalSection
	GlobalSection(ExtensibilityGlobals) = postSolution
		SolutionGuid = {A619875A-0B48-4105-BCEF-A8CE30A4F926}
	EndGlobalSection
EndGlobal
