
Microsoft Visual Studio Solution File, Format Version 12.00
# Visual Studio Version 17
VisualStudioVersion = 17.8.34330.188
MinimumVisualStudioVersion = 10.0.40219.1
Project("{9A19103F-16F7-4668-BE54-9A1E7A4F7556}") = "LogicaNegocio", "LogicaNegocio\LogicaNegocio.csproj", "{05B0069C-3672-462A-BDC0-D2A1402503A8}"
EndProject
Project("{9A19103F-16F7-4668-BE54-9A1E7A4F7556}") = "WebApp", "WebApp\WebApp.csproj", "{C074FF4B-AA51-47FB-B7C9-16DE4E10069A}"
EndProject
Project("{FAE04EC0-301F-11D3-BF4B-00C04F79EFBC}") = "LogicaAccesoDatos", "LogicaAccesoDatos\LogicaAccesoDatos.csproj", "{AB426E01-9CF6-4FEF-9187-5981A4ABC68A}"
EndProject
Global
	GlobalSection(SolutionConfigurationPlatforms) = preSolution
		Debug|Any CPU = Debug|Any CPU
		Release|Any CPU = Release|Any CPU
	EndGlobalSection
	GlobalSection(ProjectConfigurationPlatforms) = postSolution
		{05B0069C-3672-462A-BDC0-D2A1402503A8}.Debug|Any CPU.ActiveCfg = Debug|Any CPU
		{05B0069C-3672-462A-BDC0-D2A1402503A8}.Debug|Any CPU.Build.0 = Debug|Any CPU
		{05B0069C-3672-462A-BDC0-D2A1402503A8}.Release|Any CPU.ActiveCfg = Release|Any CPU
		{05B0069C-3672-462A-BDC0-D2A1402503A8}.Release|Any CPU.Build.0 = Release|Any CPU
		{C074FF4B-AA51-47FB-B7C9-16DE4E10069A}.Debug|Any CPU.ActiveCfg = Debug|Any CPU
		{C074FF4B-AA51-47FB-B7C9-16DE4E10069A}.Debug|Any CPU.Build.0 = Debug|Any CPU
		{C074FF4B-AA51-47FB-B7C9-16DE4E10069A}.Release|Any CPU.ActiveCfg = Release|Any CPU
		{C074FF4B-AA51-47FB-B7C9-16DE4E10069A}.Release|Any CPU.Build.0 = Release|Any CPU
		{AB426E01-9CF6-4FEF-9187-5981A4ABC68A}.Debug|Any CPU.ActiveCfg = Debug|Any CPU
		{AB426E01-9CF6-4FEF-9187-5981A4ABC68A}.Debug|Any CPU.Build.0 = Debug|Any CPU
		{AB426E01-9CF6-4FEF-9187-5981A4ABC68A}.Release|Any CPU.ActiveCfg = Release|Any CPU
		{AB426E01-9CF6-4FEF-9187-5981A4ABC68A}.Release|Any CPU.Build.0 = Release|Any CPU
	EndGlobalSection
	GlobalSection(SolutionProperties) = preSolution
		HideSolutionNode = FALSE
	EndGlobalSection
	GlobalSection(ExtensibilityGlobals) = postSolution
		SolutionGuid = {6BA4594B-7377-4251-9562-3D3526ADDACE}
	EndGlobalSection
EndGlobal
